
Microsoft Visual Studio Solution File, Format Version 12.00
# Visual Studio Version 17
VisualStudioVersion = 17.14.36301.6 d17.14
MinimumVisualStudioVersion = 10.0.40219.1
Project("{FAE04EC0-301F-11D3-BF4B-00C04F79EFBC}") = "ImparOrPar", "ImparOrPar.csproj", "{ED832A3D-20E8-4E4F-A04C-D991A3FB6F8C}"
EndProject
Global
	GlobalSection(SolutionConfigurationPlatforms) = preSolution
		Debug|Any CPU = Debug|Any CPU
		Release|Any CPU = Release|Any CPU
	EndGlobalSection
	GlobalSection(ProjectConfigurationPlatforms) = postSolution
		{ED832A3D-20E8-4E4F-A04C-D991A3FB6F8C}.Debug|Any CPU.ActiveCfg = Debug|Any CPU
		{ED832A3D-20E8-4E4F-A04C-D991A3FB6F8C}.Debug|Any CPU.Build.0 = Debug|Any CPU
		{ED832A3D-20E8-4E4F-A04C-D991A3FB6F8C}.Release|Any CPU.ActiveCfg = Release|Any CPU
		{ED832A3D-20E8-4E4F-A04C-D991A3FB6F8C}.Release|Any CPU.Build.0 = Release|Any CPU
	EndGlobalSection
	GlobalSection(SolutionProperties) = preSolution
		HideSolutionNode = FALSE
	EndGlobalSection
	GlobalSection(ExtensibilityGlobals) = postSolution
		SolutionGuid = {2F0324C8-BAAA-4DFA-BE68-82865A73638A}
	EndGlobalSection
EndGlobal
